
Microsoft Visual Studio Solution File, Format Version 12.00
# Visual Studio 15
VisualStudioVersion = 15.0.27703.2042
MinimumVisualStudioVersion = 10.0.40219.1
Project("{9A19103F-16F7-4668-BE54-9A1E7A4F7556}") = "AzurePlayground", "AzurePlayground\AzurePlayground.csproj", "{BA8228D8-FA7E-4918-8584-8A60A3E25139}"
EndProject
Global
	GlobalSection(SolutionConfigurationPlatforms) = preSolution
		Debug|Any CPU = Debug|Any CPU
		Release|Any CPU = Release|Any CPU
	EndGlobalSection
	GlobalSection(ProjectConfigurationPlatforms) = postSolution
		{BA8228D8-FA7E-4918-8584-8A60A3E25139}.Debug|Any CPU.ActiveCfg = Debug|Any CPU
		{BA8228D8-FA7E-4918-8584-8A60A3E25139}.Debug|Any CPU.Build.0 = Debug|Any CPU
		{BA8228D8-FA7E-4918-8584-8A60A3E25139}.Release|Any CPU.ActiveCfg = Release|Any CPU
		{BA8228D8-FA7E-4918-8584-8A60A3E25139}.Release|Any CPU.Build.0 = Release|Any CPU
	EndGlobalSection
	GlobalSection(SolutionProperties) = preSolution
		HideSolutionNode = FALSE
	EndGlobalSection
	GlobalSection(ExtensibilityGlobals) = postSolution
		SolutionGuid = {476C8655-6DD4-4B1D-8070-DEAAC5A4ED64}
	EndGlobalSection
EndGlobal
